
Microsoft Visual Studio Solution File, Format Version 12.00
# Visual Studio 15
VisualStudioVersion = 15.0.27703.2047
MinimumVisualStudioVersion = 10.0.40219.1
Project("{FAE04EC0-301F-11D3-BF4B-00C04F79EFBC}") = "ex1", "folha1\ex1.csproj", "{AE24C6BA-DF24-4672-ADF2-F504B3CEB2A0}"
EndProject
Project("{FAE04EC0-301F-11D3-BF4B-00C04F79EFBC}") = "ex2", "ex2\ex2.csproj", "{90714461-181F-4067-8F85-6776EDF2534A}"
EndProject
Project("{FAE04EC0-301F-11D3-BF4B-00C04F79EFBC}") = "ex3", "ex3\ex3.csproj", "{7FE8309A-4485-49AA-AD18-F298D6D55CA0}"
EndProject
Project("{FAE04EC0-301F-11D3-BF4B-00C04F79EFBC}") = "ex4", "ex4\ex4.csproj", "{6FC817D4-19E3-413D-A4CA-560B9CD87BB0}"
EndProject
Project("{FAE04EC0-301F-11D3-BF4B-00C04F79EFBC}") = "ex5", "ex5\ex5.csproj", "{41E021A4-43D1-48BF-ABC9-B7C474C1CCB8}"
EndProject
Project("{FAE04EC0-301F-11D3-BF4B-00C04F79EFBC}") = "ex6", "ex6\ex6.csproj", "{3AEE5B44-94FC-48C2-A5C3-17982B4AA25C}"
EndProject
Project("{FAE04EC0-301F-11D3-BF4B-00C04F79EFBC}") = "ex7", "ex7\ex7.csproj", "{5C07EC34-2349-43A8-8861-137B0228AB1A}"
EndProject
Project("{FAE04EC0-301F-11D3-BF4B-00C04F79EFBC}") = "ex8", "ex8\ex8.csproj", "{87877FE8-CC8C-44A0-A128-4898560996F1}"
EndProject
Project("{FAE04EC0-301F-11D3-BF4B-00C04F79EFBC}") = "ex9", "ex9\ex9.csproj", "{75AD34BA-DB5A-4E74-86DD-86018FDE9D45}"
EndProject
Project("{FAE04EC0-301F-11D3-BF4B-00C04F79EFBC}") = "ex10", "ex10\ex10.csproj", "{79C504E9-62DD-42B6-BFF1-F9EA238BC7A7}"
EndProject
Project("{FAE04EC0-301F-11D3-BF4B-00C04F79EFBC}") = "ex11", "ex11\ex11.csproj", "{D11299C4-37B7-4EED-B8A4-63A940760BB1}"
EndProject
Project("{FAE04EC0-301F-11D3-BF4B-00C04F79EFBC}") = "ex12", "ex12\ex12.csproj", "{6959CBA6-773F-4390-9FF4-469977B82E1A}"
EndProject
Project("{FAE04EC0-301F-11D3-BF4B-00C04F79EFBC}") = "ex14", "ex13\ex14.csproj", "{58273C5C-5680-4DAD-8158-08EF23B874FF}"
EndProject
Global
	GlobalSection(SolutionConfigurationPlatforms) = preSolution
		Debug|Any CPU = Debug|Any CPU
		Release|Any CPU = Release|Any CPU
	EndGlobalSection
	GlobalSection(ProjectConfigurationPlatforms) = postSolution
		{AE24C6BA-DF24-4672-ADF2-F504B3CEB2A0}.Debug|Any CPU.ActiveCfg = Debug|Any CPU
		{AE24C6BA-DF24-4672-ADF2-F504B3CEB2A0}.Debug|Any CPU.Build.0 = Debug|Any CPU
		{AE24C6BA-DF24-4672-ADF2-F504B3CEB2A0}.Release|Any CPU.ActiveCfg = Release|Any CPU
		{AE24C6BA-DF24-4672-ADF2-F504B3CEB2A0}.Release|Any CPU.Build.0 = Release|Any CPU
		{90714461-181F-4067-8F85-6776EDF2534A}.Debug|Any CPU.ActiveCfg = Debug|Any CPU
		{90714461-181F-4067-8F85-6776EDF2534A}.Debug|Any CPU.Build.0 = Debug|Any CPU
		{90714461-181F-4067-8F85-6776EDF2534A}.Release|Any CPU.ActiveCfg = Release|Any CPU
		{90714461-181F-4067-8F85-6776EDF2534A}.Release|Any CPU.Build.0 = Release|Any CPU
		{7FE8309A-4485-49AA-AD18-F298D6D55CA0}.Debug|Any CPU.ActiveCfg = Debug|Any CPU
		{7FE8309A-4485-49AA-AD18-F298D6D55CA0}.Debug|Any CPU.Build.0 = Debug|Any CPU
		{7FE8309A-4485-49AA-AD18-F298D6D55CA0}.Release|Any CPU.ActiveCfg = Release|Any CPU
		{7FE8309A-4485-49AA-AD18-F298D6D55CA0}.Release|Any CPU.Build.0 = Release|Any CPU
		{6FC817D4-19E3-413D-A4CA-560B9CD87BB0}.Debug|Any CPU.ActiveCfg = Debug|Any CPU
		{6FC817D4-19E3-413D-A4CA-560B9CD87BB0}.Debug|Any CPU.Build.0 = Debug|Any CPU
		{6FC817D4-19E3-413D-A4CA-560B9CD87BB0}.Release|Any CPU.ActiveCfg = Release|Any CPU
		{6FC817D4-19E3-413D-A4CA-560B9CD87BB0}.Release|Any CPU.Build.0 = Release|Any CPU
		{41E021A4-43D1-48BF-ABC9-B7C474C1CCB8}.Debug|Any CPU.ActiveCfg = Debug|Any CPU
		{41E021A4-43D1-48BF-ABC9-B7C474C1CCB8}.Debug|Any CPU.Build.0 = Debug|Any CPU
		{41E021A4-43D1-48BF-ABC9-B7C474C1CCB8}.Release|Any CPU.ActiveCfg = Release|Any CPU
		{41E021A4-43D1-48BF-ABC9-B7C474C1CCB8}.Release|Any CPU.Build.0 = Release|Any CPU
		{3AEE5B44-94FC-48C2-A5C3-17982B4AA25C}.Debug|Any CPU.ActiveCfg = Debug|Any CPU
		{3AEE5B44-94FC-48C2-A5C3-17982B4AA25C}.Debug|Any CPU.Build.0 = Debug|Any CPU
		{3AEE5B44-94FC-48C2-A5C3-17982B4AA25C}.Release|Any CPU.ActiveCfg = Release|Any CPU
		{3AEE5B44-94FC-48C2-A5C3-17982B4AA25C}.Release|Any CPU.Build.0 = Release|Any CPU
		{5C07EC34-2349-43A8-8861-137B0228AB1A}.Debug|Any CPU.ActiveCfg = Debug|Any CPU
		{5C07EC34-2349-43A8-8861-137B0228AB1A}.Debug|Any CPU.Build.0 = Debug|Any CPU
		{5C07EC34-2349-43A8-8861-137B0228AB1A}.Release|Any CPU.ActiveCfg = Release|Any CPU
		{5C07EC34-2349-43A8-8861-137B0228AB1A}.Release|Any CPU.Build.0 = Release|Any CPU
		{87877FE8-CC8C-44A0-A128-4898560996F1}.Debug|Any CPU.ActiveCfg = Debug|Any CPU
		{87877FE8-CC8C-44A0-A128-4898560996F1}.Debug|Any CPU.Build.0 = Debug|Any CPU
		{87877FE8-CC8C-44A0-A128-4898560996F1}.Release|Any CPU.ActiveCfg = Release|Any CPU
		{87877FE8-CC8C-44A0-A128-4898560996F1}.Release|Any CPU.Build.0 = Release|Any CPU
		{75AD34BA-DB5A-4E74-86DD-86018FDE9D45}.Debug|Any CPU.ActiveCfg = Debug|Any CPU
		{75AD34BA-DB5A-4E74-86DD-86018FDE9D45}.Debug|Any CPU.Build.0 = Debug|Any CPU
		{75AD34BA-DB5A-4E74-86DD-86018FDE9D45}.Release|Any CPU.ActiveCfg = Release|Any CPU
		{75AD34BA-DB5A-4E74-86DD-86018FDE9D45}.Release|Any CPU.Build.0 = Release|Any CPU
		{79C504E9-62DD-42B6-BFF1-F9EA238BC7A7}.Debug|Any CPU.ActiveCfg = Debug|Any CPU
		{79C504E9-62DD-42B6-BFF1-F9EA238BC7A7}.Debug|Any CPU.Build.0 = Debug|Any CPU
		{79C504E9-62DD-42B6-BFF1-F9EA238BC7A7}.Release|Any CPU.ActiveCfg = Release|Any CPU
		{79C504E9-62DD-42B6-BFF1-F9EA238BC7A7}.Release|Any CPU.Build.0 = Release|Any CPU
		{D11299C4-37B7-4EED-B8A4-63A940760BB1}.Debug|Any CPU.ActiveCfg = Debug|Any CPU
		{D11299C4-37B7-4EED-B8A4-63A940760BB1}.Debug|Any CPU.Build.0 = Debug|Any CPU
		{D11299C4-37B7-4EED-B8A4-63A940760BB1}.Release|Any CPU.ActiveCfg = Release|Any CPU
		{D11299C4-37B7-4EED-B8A4-63A940760BB1}.Release|Any CPU.Build.0 = Release|Any CPU
		{6959CBA6-773F-4390-9FF4-469977B82E1A}.Debug|Any CPU.ActiveCfg = Debug|Any CPU
		{6959CBA6-773F-4390-9FF4-469977B82E1A}.Debug|Any CPU.Build.0 = Debug|Any CPU
		{6959CBA6-773F-4390-9FF4-469977B82E1A}.Release|Any CPU.ActiveCfg = Release|Any CPU
		{6959CBA6-773F-4390-9FF4-469977B82E1A}.Release|Any CPU.Build.0 = Release|Any CPU
		{58273C5C-5680-4DAD-8158-08EF23B874FF}.Debug|Any CPU.ActiveCfg = Debug|Any CPU
		{58273C5C-5680-4DAD-8158-08EF23B874FF}.Debug|Any CPU.Build.0 = Debug|Any CPU
		{58273C5C-5680-4DAD-8158-08EF23B874FF}.Release|Any CPU.ActiveCfg = Release|Any CPU
		{58273C5C-5680-4DAD-8158-08EF23B874FF}.Release|Any CPU.Build.0 = Release|Any CPU
	EndGlobalSection
	GlobalSection(SolutionProperties) = preSolution
		HideSolutionNode = FALSE
	EndGlobalSection
	GlobalSection(ExtensibilityGlobals) = postSolution
		SolutionGuid = {7B812F6A-52B3-4FCA-A82B-2CC112A5DECE}
	EndGlobalSection
EndGlobal
