
Microsoft Visual Studio Solution File, Format Version 12.00
# Visual Studio 15
VisualStudioVersion = 15.0.28010.2036
MinimumVisualStudioVersion = 10.0.40219.1
Project("{FAE04EC0-301F-11D3-BF4B-00C04F79EFBC}") = "ex1", "ConsoleApp1\ex1.csproj", "{CE6EA8E5-8508-4331-B6C6-71222C05F35A}"
EndProject
Project("{FAE04EC0-301F-11D3-BF4B-00C04F79EFBC}") = "ex2", "ex2\ex2.csproj", "{0F4EAEB2-5005-46CC-89EF-19D16F63BE51}"
EndProject
Project("{FAE04EC0-301F-11D3-BF4B-00C04F79EFBC}") = "ex3", "ex3\ex3.csproj", "{606D0829-A5AE-474F-A77B-970D1573F2D9}"
EndProject
Project("{FAE04EC0-301F-11D3-BF4B-00C04F79EFBC}") = "ex4", "ex4\ex4.csproj", "{8E769B86-6795-4715-AF9F-484435C941E8}"
EndProject
Project("{FAE04EC0-301F-11D3-BF4B-00C04F79EFBC}") = "ex5", "ex5\ex5.csproj", "{316549A2-D230-4161-A592-C7DE336E1813}"
EndProject
Project("{FAE04EC0-301F-11D3-BF4B-00C04F79EFBC}") = "ex6", "ex6\ex6.csproj", "{C3783D6D-57E7-4965-9947-51DDD140EE4B}"
EndProject
Project("{FAE04EC0-301F-11D3-BF4B-00C04F79EFBC}") = "ex7", "ex7\ex7.csproj", "{F651044E-A0F4-423A-AEF5-A458C1D773D3}"
EndProject
Project("{FAE04EC0-301F-11D3-BF4B-00C04F79EFBC}") = "ex8", "ex8\ex8.csproj", "{DE74E6DA-D8B5-437D-BE4C-F26752E9CB5C}"
EndProject
Project("{FAE04EC0-301F-11D3-BF4B-00C04F79EFBC}") = "ex9", "ex9\ex9.csproj", "{B4463745-5142-48E6-9AAE-B4E0C3208B28}"
EndProject
Project("{FAE04EC0-301F-11D3-BF4B-00C04F79EFBC}") = "ex10", "ex10\ex10.csproj", "{45BBE16B-BB71-48C3-9EED-7E7992B07D1A}"
EndProject
Project("{FAE04EC0-301F-11D3-BF4B-00C04F79EFBC}") = "ex11", "ex11\ex11.csproj", "{E6B90D46-07E2-4EE5-96EB-14E17440FE9C}"
EndProject
Project("{FAE04EC0-301F-11D3-BF4B-00C04F79EFBC}") = "ex12", "ex12\ex12.csproj", "{91EBFC2E-1E6E-407B-BCAE-CDAC1345FE3A}"
EndProject
Project("{FAE04EC0-301F-11D3-BF4B-00C04F79EFBC}") = "ex13", "ex13\ex13.csproj", "{C1557991-20EB-4537-AF6C-91B040172919}"
EndProject
Project("{FAE04EC0-301F-11D3-BF4B-00C04F79EFBC}") = "ex14", "ex14\ex14.csproj", "{35E139D9-9988-412F-A7C2-5AC949A77341}"
EndProject
Project("{FAE04EC0-301F-11D3-BF4B-00C04F79EFBC}") = "15", "15\15.csproj", "{C57280B5-3449-43C6-AFF7-5AB436EFC680}"
EndProject
Global
	GlobalSection(SolutionConfigurationPlatforms) = preSolution
		Debug|Any CPU = Debug|Any CPU
		Release|Any CPU = Release|Any CPU
	EndGlobalSection
	GlobalSection(ProjectConfigurationPlatforms) = postSolution
		{CE6EA8E5-8508-4331-B6C6-71222C05F35A}.Debug|Any CPU.ActiveCfg = Debug|Any CPU
		{CE6EA8E5-8508-4331-B6C6-71222C05F35A}.Debug|Any CPU.Build.0 = Debug|Any CPU
		{CE6EA8E5-8508-4331-B6C6-71222C05F35A}.Release|Any CPU.ActiveCfg = Release|Any CPU
		{CE6EA8E5-8508-4331-B6C6-71222C05F35A}.Release|Any CPU.Build.0 = Release|Any CPU
		{0F4EAEB2-5005-46CC-89EF-19D16F63BE51}.Debug|Any CPU.ActiveCfg = Debug|Any CPU
		{0F4EAEB2-5005-46CC-89EF-19D16F63BE51}.Debug|Any CPU.Build.0 = Debug|Any CPU
		{0F4EAEB2-5005-46CC-89EF-19D16F63BE51}.Release|Any CPU.ActiveCfg = Release|Any CPU
		{0F4EAEB2-5005-46CC-89EF-19D16F63BE51}.Release|Any CPU.Build.0 = Release|Any CPU
		{606D0829-A5AE-474F-A77B-970D1573F2D9}.Debug|Any CPU.ActiveCfg = Debug|Any CPU
		{606D0829-A5AE-474F-A77B-970D1573F2D9}.Debug|Any CPU.Build.0 = Debug|Any CPU
		{606D0829-A5AE-474F-A77B-970D1573F2D9}.Release|Any CPU.ActiveCfg = Release|Any CPU
		{606D0829-A5AE-474F-A77B-970D1573F2D9}.Release|Any CPU.Build.0 = Release|Any CPU
		{8E769B86-6795-4715-AF9F-484435C941E8}.Debug|Any CPU.ActiveCfg = Debug|Any CPU
		{8E769B86-6795-4715-AF9F-484435C941E8}.Debug|Any CPU.Build.0 = Debug|Any CPU
		{8E769B86-6795-4715-AF9F-484435C941E8}.Release|Any CPU.ActiveCfg = Release|Any CPU
		{8E769B86-6795-4715-AF9F-484435C941E8}.Release|Any CPU.Build.0 = Release|Any CPU
		{316549A2-D230-4161-A592-C7DE336E1813}.Debug|Any CPU.ActiveCfg = Debug|Any CPU
		{316549A2-D230-4161-A592-C7DE336E1813}.Debug|Any CPU.Build.0 = Debug|Any CPU
		{316549A2-D230-4161-A592-C7DE336E1813}.Release|Any CPU.ActiveCfg = Release|Any CPU
		{316549A2-D230-4161-A592-C7DE336E1813}.Release|Any CPU.Build.0 = Release|Any CPU
		{C3783D6D-57E7-4965-9947-51DDD140EE4B}.Debug|Any CPU.ActiveCfg = Debug|Any CPU
		{C3783D6D-57E7-4965-9947-51DDD140EE4B}.Debug|Any CPU.Build.0 = Debug|Any CPU
		{C3783D6D-57E7-4965-9947-51DDD140EE4B}.Release|Any CPU.ActiveCfg = Release|Any CPU
		{C3783D6D-57E7-4965-9947-51DDD140EE4B}.Release|Any CPU.Build.0 = Release|Any CPU
		{F651044E-A0F4-423A-AEF5-A458C1D773D3}.Debug|Any CPU.ActiveCfg = Debug|Any CPU
		{F651044E-A0F4-423A-AEF5-A458C1D773D3}.Debug|Any CPU.Build.0 = Debug|Any CPU
		{F651044E-A0F4-423A-AEF5-A458C1D773D3}.Release|Any CPU.ActiveCfg = Release|Any CPU
		{F651044E-A0F4-423A-AEF5-A458C1D773D3}.Release|Any CPU.Build.0 = Release|Any CPU
		{DE74E6DA-D8B5-437D-BE4C-F26752E9CB5C}.Debug|Any CPU.ActiveCfg = Debug|Any CPU
		{DE74E6DA-D8B5-437D-BE4C-F26752E9CB5C}.Debug|Any CPU.Build.0 = Debug|Any CPU
		{DE74E6DA-D8B5-437D-BE4C-F26752E9CB5C}.Release|Any CPU.ActiveCfg = Release|Any CPU
		{DE74E6DA-D8B5-437D-BE4C-F26752E9CB5C}.Release|Any CPU.Build.0 = Release|Any CPU
		{B4463745-5142-48E6-9AAE-B4E0C3208B28}.Debug|Any CPU.ActiveCfg = Debug|Any CPU
		{B4463745-5142-48E6-9AAE-B4E0C3208B28}.Debug|Any CPU.Build.0 = Debug|Any CPU
		{B4463745-5142-48E6-9AAE-B4E0C3208B28}.Release|Any CPU.ActiveCfg = Release|Any CPU
		{B4463745-5142-48E6-9AAE-B4E0C3208B28}.Release|Any CPU.Build.0 = Release|Any CPU
		{45BBE16B-BB71-48C3-9EED-7E7992B07D1A}.Debug|Any CPU.ActiveCfg = Debug|Any CPU
		{45BBE16B-BB71-48C3-9EED-7E7992B07D1A}.Debug|Any CPU.Build.0 = Debug|Any CPU
		{45BBE16B-BB71-48C3-9EED-7E7992B07D1A}.Release|Any CPU.ActiveCfg = Release|Any CPU
		{45BBE16B-BB71-48C3-9EED-7E7992B07D1A}.Release|Any CPU.Build.0 = Release|Any CPU
		{E6B90D46-07E2-4EE5-96EB-14E17440FE9C}.Debug|Any CPU.ActiveCfg = Debug|Any CPU
		{E6B90D46-07E2-4EE5-96EB-14E17440FE9C}.Debug|Any CPU.Build.0 = Debug|Any CPU
		{E6B90D46-07E2-4EE5-96EB-14E17440FE9C}.Release|Any CPU.ActiveCfg = Release|Any CPU
		{E6B90D46-07E2-4EE5-96EB-14E17440FE9C}.Release|Any CPU.Build.0 = Release|Any CPU
		{91EBFC2E-1E6E-407B-BCAE-CDAC1345FE3A}.Debug|Any CPU.ActiveCfg = Debug|Any CPU
		{91EBFC2E-1E6E-407B-BCAE-CDAC1345FE3A}.Debug|Any CPU.Build.0 = Debug|Any CPU
		{91EBFC2E-1E6E-407B-BCAE-CDAC1345FE3A}.Release|Any CPU.ActiveCfg = Release|Any CPU
		{91EBFC2E-1E6E-407B-BCAE-CDAC1345FE3A}.Release|Any CPU.Build.0 = Release|Any CPU
		{C1557991-20EB-4537-AF6C-91B040172919}.Debug|Any CPU.ActiveCfg = Debug|Any CPU
		{C1557991-20EB-4537-AF6C-91B040172919}.Debug|Any CPU.Build.0 = Debug|Any CPU
		{C1557991-20EB-4537-AF6C-91B040172919}.Release|Any CPU.ActiveCfg = Release|Any CPU
		{C1557991-20EB-4537-AF6C-91B040172919}.Release|Any CPU.Build.0 = Release|Any CPU
		{35E139D9-9988-412F-A7C2-5AC949A77341}.Debug|Any CPU.ActiveCfg = Debug|Any CPU
		{35E139D9-9988-412F-A7C2-5AC949A77341}.Debug|Any CPU.Build.0 = Debug|Any CPU
		{35E139D9-9988-412F-A7C2-5AC949A77341}.Release|Any CPU.ActiveCfg = Release|Any CPU
		{35E139D9-9988-412F-A7C2-5AC949A77341}.Release|Any CPU.Build.0 = Release|Any CPU
		{C57280B5-3449-43C6-AFF7-5AB436EFC680}.Debug|Any CPU.ActiveCfg = Debug|Any CPU
		{C57280B5-3449-43C6-AFF7-5AB436EFC680}.Debug|Any CPU.Build.0 = Debug|Any CPU
		{C57280B5-3449-43C6-AFF7-5AB436EFC680}.Release|Any CPU.ActiveCfg = Release|Any CPU
		{C57280B5-3449-43C6-AFF7-5AB436EFC680}.Release|Any CPU.Build.0 = Release|Any CPU
	EndGlobalSection
	GlobalSection(SolutionProperties) = preSolution
		HideSolutionNode = FALSE
	EndGlobalSection
	GlobalSection(ExtensibilityGlobals) = postSolution
		SolutionGuid = {1E76406C-65C8-446C-A190-A527730CB8CB}
	EndGlobalSection
EndGlobal
